
Microsoft Visual Studio Solution File, Format Version 12.00
# Visual Studio Version 17
VisualStudioVersion = 17.1.32421.90
MinimumVisualStudioVersion = 10.0.40219.1
Project("{FAE04EC0-301F-11D3-BF4B-00C04F79EFBC}") = "PC", "PC\PC.csproj", "{B41A1FC9-4646-4E4B-9DFC-7377106BAF39}"
EndProject
Global
	GlobalSection(SolutionConfigurationPlatforms) = preSolution
		Debug|Any CPU = Debug|Any CPU
		Release|Any CPU = Release|Any CPU
	EndGlobalSection
	GlobalSection(ProjectConfigurationPlatforms) = postSolution
		{B41A1FC9-4646-4E4B-9DFC-7377106BAF39}.Debug|Any CPU.ActiveCfg = Debug|Any CPU
		{B41A1FC9-4646-4E4B-9DFC-7377106BAF39}.Debug|Any CPU.Build.0 = Debug|Any CPU
		{B41A1FC9-4646-4E4B-9DFC-7377106BAF39}.Release|Any CPU.ActiveCfg = Release|Any CPU
		{B41A1FC9-4646-4E4B-9DFC-7377106BAF39}.Release|Any CPU.Build.0 = Release|Any CPU
	EndGlobalSection
	GlobalSection(SolutionProperties) = preSolution
		HideSolutionNode = FALSE
	EndGlobalSection
	GlobalSection(ExtensibilityGlobals) = postSolution
		SolutionGuid = {74AAE59E-58E2-4957-823E-728769A338D2}
	EndGlobalSection
EndGlobal
